{
  "requires": true,
  "lockfileVersion": 1,
  "dependencies": {
    "@babel/runtime": {
      "version": "7.12.1",
      "resolved": "https://registry.npmjs.org/@babel/runtime/-/runtime-7.12.1.tgz",
      "integrity": "sha512-J5AIf3vPj3UwXaAzb5j1xM4WAQDX3EMgemF8rjCP3SoW09LfRKAXQKt6CoVYl230P6iWdRcBbnLDDdnqWxZSCA==",
      "requires": {
        "regenerator-runtime": "^0.13.4"
      }
    },
    "attr-accept": {
      "version": "2.2.2",
      "resolved": "https://registry.npmjs.org/attr-accept/-/attr-accept-2.2.2.tgz",
      "integrity": "sha512-7prDjvt9HmqiZ0cl5CRjtS84sEyhsHP2coDkaZKRKVfCDo9s7iw7ChVmar78Gu9pC4SoR/28wFu/G5JJhTnqEg=="
    },
    "babel-runtime": {
      "version": "6.26.0",
      "resolved": "https://registry.npmjs.org/babel-runtime/-/babel-runtime-6.26.0.tgz",
      "integrity": "sha1-llxwWGaOgrVde/4E/yM3vItWR/4=",
      "requires": {
        "core-js": "^2.4.0",
        "regenerator-runtime": "^0.11.0"
      },
      "dependencies": {
        "regenerator-runtime": {
          "version": "0.11.1",
          "resolved": "https://registry.npmjs.org/regenerator-runtime/-/regenerator-runtime-0.11.1.tgz",
          "integrity": "sha512-MguG95oij0fC3QV3URf4V2SDYGJhJnJGqvIIgdECeODCT98wSWDAJ94SSuVpYQUoTcGUIL6L4yNB7j1DFFHSBg=="
        }
      }
    },
    "classnames": {
      "version": "2.2.6",
      "resolved": "https://registry.npmjs.org/classnames/-/classnames-2.2.6.tgz",
      "integrity": "sha512-JR/iSQOSt+LQIWwrwEzJ9uk0xfN3mTVYMwt1Ir5mUcSN6pU+V4zQFFaJsclJbPuAUQH+yfWef6tm7l1quW3C8Q=="
    },
    "clsx": {
      "version": "1.1.1",
      "resolved": "https://registry.npmjs.org/clsx/-/clsx-1.1.1.tgz",
      "integrity": "sha512-6/bPho624p3S2pMyvP5kKBPXnI3ufHLObBFCfgx+LkeR5lg2XYy2hqZqUf45ypD8COn2bhgGJSUE+l5dhNBieA=="
    },
    "core-js": {
      "version": "2.6.11",
      "resolved": "https://registry.npmjs.org/core-js/-/core-js-2.6.11.tgz",
      "integrity": "sha512-5wjnpaT/3dV+XB4borEsnAYQchn00XSgTAWKDkEqv+K8KevjbzmofK6hfJ9TZIlpj2N0xQpazy7PiRQiWHqzWg=="
    },
    "file-selector": {
      "version": "0.1.13",
      "resolved": "https://registry.npmjs.org/file-selector/-/file-selector-0.1.13.tgz",
      "integrity": "sha512-T2efCBY6Ps+jLIWdNQsmzt/UnAjKOEAlsZVdnQztg/BtAZGNL4uX1Jet9cMM8gify/x4CSudreji2HssGBNVIQ==",
      "requires": {
        "tslib": "^2.0.1"
      }
    },
    "hoist-non-react-statics": {
      "version": "1.2.0",
      "resolved": "https://registry.npmjs.org/hoist-non-react-statics/-/hoist-non-react-statics-1.2.0.tgz",
      "integrity": "sha1-qkSM8JhtVcxAdzsXF0t90GbLfPs="
    },
    "js-tokens": {
      "version": "4.0.0",
      "resolved": "https://registry.npmjs.org/js-tokens/-/js-tokens-4.0.0.tgz",
      "integrity": "sha512-RdJUflcE3cUzKiMqQgsCu06FPu9UdIJO0beYbPhHN4k6apgJtifcoCtT9bcxOpYBtpD2kCM6Sbzg4CausW/PKQ=="
    },
    "lodash": {
      "version": "4.17.20",
      "resolved": "https://registry.npmjs.org/lodash/-/lodash-4.17.20.tgz",
      "integrity": "sha512-PlhdFcillOINfeV7Ni6oF1TAEayyZBoZ8bcshTHqOYJYlrqzRK5hagpagky5o4HfCzzd1TRkXPMFq6cKk9rGmA=="
    },
    "lodash.flatten": {
      "version": "4.4.0",
      "resolved": "https://registry.npmjs.org/lodash.flatten/-/lodash.flatten-4.4.0.tgz",
      "integrity": "sha1-8xwiIlqWMtK7+OSt2+8kCqdlph8="
    },
    "lodash.identity": {
      "version": "3.0.0",
      "resolved": "https://registry.npmjs.org/lodash.identity/-/lodash.identity-3.0.0.tgz",
      "integrity": "sha1-rXvGpOZH15yXLhuA/u968VYmeHY="
    },
    "lodash.isfunction": {
      "version": "3.0.9",
      "resolved": "https://registry.npmjs.org/lodash.isfunction/-/lodash.isfunction-3.0.9.tgz",
      "integrity": "sha512-AirXNj15uRIMMPihnkInB4i3NHeb4iBtNg9WRWuK2o31S+ePwwNmDPaTL3o7dTJ+VXNZim7rFs4rxN4YU1oUJw=="
    },
    "loose-envify": {
      "version": "1.4.0",
      "resolved": "https://registry.npmjs.org/loose-envify/-/loose-envify-1.4.0.tgz",
      "integrity": "sha512-lyuxPGr/Wfhrlem2CL/UcnUc1zcqKAImBDzukY7Y5F/yQiNdko6+fRLevlw1HgMySw7f611UIY408EtxRSoK3Q==",
      "requires": {
        "js-tokens": "^3.0.0 || ^4.0.0"
      }
    },
    "material-ui-dropzone": {
      "version": "3.5.0",
      "resolved": "https://registry.npmjs.org/material-ui-dropzone/-/material-ui-dropzone-3.5.0.tgz",
      "integrity": "sha512-3BC6mz/4OEM4ZpbqMfuMN065JQyqfEbifT6/VzIua7Zj4b0DaR5YPCgpN+fL/e8yBgTs9MGBZJQY06p5pfKwvw==",
      "requires": {
        "@babel/runtime": "^7.4.4",
        "clsx": "^1.0.2",
        "react-dropzone": "^10.2.1"
      }
    },
    "object-assign": {
      "version": "4.1.1",
      "resolved": "https://registry.npmjs.org/object-assign/-/object-assign-4.1.1.tgz",
      "integrity": "sha1-IQmtx5ZYh8/AXLvUQsrIv7s2CGM="
    },
    "object-unfreeze": {
      "version": "1.1.0",
      "resolved": "https://registry.npmjs.org/object-unfreeze/-/object-unfreeze-1.1.0.tgz",
      "integrity": "sha1-aWKL6h88nSn06wumOzgALXDqPOk="
    },
    "prop-types": {
      "version": "15.7.2",
      "resolved": "https://registry.npmjs.org/prop-types/-/prop-types-15.7.2.tgz",
      "integrity": "sha512-8QQikdH7//R2vurIJSutZ1smHYTcLpRWEOlHnzcWHmBYrOGUysKwSsrC89BCiFj3CbrfJ/nXFdJepOVrY1GCHQ==",
      "requires": {
        "loose-envify": "^1.4.0",
        "object-assign": "^4.1.1",
        "react-is": "^16.8.1"
      }
    },
    "react-css-modules": {
      "version": "3.7.10",
      "resolved": "https://registry.npmjs.org/react-css-modules/-/react-css-modules-3.7.10.tgz",
      "integrity": "sha1-MA2lYeVQ7uxevAvIx9Udd9iK4tc=",
      "requires": {
        "hoist-non-react-statics": "^1.0.5",
        "lodash": "^4.6.1",
        "object-unfreeze": "^1.0.2"
      }
    },
    "react-dropzone": {
      "version": "10.2.2",
      "resolved": "https://registry.npmjs.org/react-dropzone/-/react-dropzone-10.2.2.tgz",
      "integrity": "sha512-U5EKckXVt6IrEyhMMsgmHQiWTGLudhajPPG77KFSvgsMqNEHSyGpqWvOMc5+DhEah/vH4E1n+J5weBNLd5VtyA==",
      "requires": {
        "attr-accept": "^2.0.0",
        "file-selector": "^0.1.12",
        "prop-types": "^15.7.2"
      }
    },
    "react-fabric": {
      "version": "0.4.1",
      "resolved": "https://registry.npmjs.org/react-fabric/-/react-fabric-0.4.1.tgz",
      "integrity": "sha1-mSsvdOM7WDgMfd36BjPxG1BOEDA=",
      "requires": {
        "babel-runtime": "^6.9.2",
        "classnames": "^2.2.4",
        "hoist-non-react-statics": "^1.0.5",
        "lodash.flatten": "^4.2.0",
        "lodash.identity": "^3.0.0",
        "lodash.isfunction": "^3.0.8",
        "react-css-modules": "^3.7.8",
        "react-prop-types": "^0.3.1"
      }
    },
    "react-is": {
      "version": "16.13.1",
      "resolved": "https://registry.npmjs.org/react-is/-/react-is-16.13.1.tgz",
      "integrity": "sha512-24e6ynE2H+OKt4kqsOvNd8kBpV65zoxbA4BVsEOB3ARVWQki/DHzaUoC5KuON/BiccDaCCTZBuOcfZs70kR8bQ=="
    },
    "react-prop-types": {
      "version": "0.3.2",
      "resolved": "https://registry.npmjs.org/react-prop-types/-/react-prop-types-0.3.2.tgz",
      "integrity": "sha1-4nY6xvOoAZnYmBw2R8RLBVTJe38=",
      "requires": {
        "warning": "^2.0.0"
      }
    },
    "regenerator-runtime": {
      "version": "0.13.7",
      "resolved": "https://registry.npmjs.org/regenerator-runtime/-/regenerator-runtime-0.13.7.tgz",
      "integrity": "sha512-a54FxoJDIr27pgf7IgeQGxmqUNYrcV338lf/6gH456HZ/PhX+5BcwHXG9ajESmwe6WRO0tAzRUrRmNONWgkrew=="
    },
    "tslib": {
      "version": "2.0.3",
      "resolved": "https://registry.npmjs.org/tslib/-/tslib-2.0.3.tgz",
      "integrity": "sha512-uZtkfKblCEQtZKBF6EBXVZeQNl82yqtDQdv+eck8u7tdPxjLu2/lp5/uPW+um2tpuxINHWy3GhiccY7QgEaVHQ=="
    },
    "warning": {
      "version": "2.1.0",
      "resolved": "https://registry.npmjs.org/warning/-/warning-2.1.0.tgz",
      "integrity": "sha1-ISINnGOvx3qMkhEeARr3Bc4MaQE=",
      "requires": {
        "loose-envify": "^1.0.0"
      }
    }
  }
}
