# THIS IS AN AUTOGENERATED FILE. DO NOT EDIT THIS FILE DIRECTLY.
# yarn lockfile v1


"@babel/runtime@^7.4.4":
  version "7.10.3"
  resolved "https://registry.yarnpkg.com/@babel/runtime/-/runtime-7.10.3.tgz#670d002655a7c366540c67f6fd3342cd09500364"
  integrity sha512-RzGO0RLSdokm9Ipe/YD+7ww8X2Ro79qiXZF3HU9ljrM+qnJmH1Vqth+hbiQZy761LnMJTMitHDuKVYTk3k4dLw==
  dependencies:
    regenerator-runtime "^0.13.4"

attr-accept@^2.0.0:
  version "2.1.0"
  resolved "https://registry.yarnpkg.com/attr-accept/-/attr-accept-2.1.0.tgz#a231a854385d36ff7a99647bb77b33c8a5175aee"
  integrity sha512-sLzVM3zCCmmDtDNhI0i96k6PUztkotSOXqE4kDGQt/6iDi5M+H0srjeF+QC6jN581l4X/Zq3Zu/tgcErEssavg==

babel-runtime@^6.9.2:
  version "6.26.0"
  resolved "https://registry.yarnpkg.com/babel-runtime/-/babel-runtime-6.26.0.tgz#965c7058668e82b55d7bfe04ff2337bc8b5647fe"
  integrity sha1-llxwWGaOgrVde/4E/yM3vItWR/4=
  dependencies:
    core-js "^2.4.0"
    regenerator-runtime "^0.11.0"

classnames@^2.2.4:
  version "2.2.6"
  resolved "https://registry.yarnpkg.com/classnames/-/classnames-2.2.6.tgz#43935bffdd291f326dad0a205309b38d00f650ce"
  integrity sha512-JR/iSQOSt+LQIWwrwEzJ9uk0xfN3mTVYMwt1Ir5mUcSN6pU+V4zQFFaJsclJbPuAUQH+yfWef6tm7l1quW3C8Q==

clsx@^1.0.2:
  version "1.1.1"
  resolved "https://registry.yarnpkg.com/clsx/-/clsx-1.1.1.tgz#98b3134f9abbdf23b2663491ace13c5c03a73188"
  integrity sha512-6/bPho624p3S2pMyvP5kKBPXnI3ufHLObBFCfgx+LkeR5lg2XYy2hqZqUf45ypD8COn2bhgGJSUE+l5dhNBieA==

core-js@^2.4.0:
  version "2.6.11"
  resolved "https://registry.yarnpkg.com/core-js/-/core-js-2.6.11.tgz#38831469f9922bded8ee21c9dc46985e0399308c"
  integrity sha512-5wjnpaT/3dV+XB4borEsnAYQchn00XSgTAWKDkEqv+K8KevjbzmofK6hfJ9TZIlpj2N0xQpazy7PiRQiWHqzWg==

file-selector@^0.1.12:
  version "0.1.12"
  resolved "https://registry.yarnpkg.com/file-selector/-/file-selector-0.1.12.tgz#fe726547be219a787a9dcc640575a04a032b1fd0"
  integrity sha512-Kx7RTzxyQipHuiqyZGf+Nz4vY9R1XGxuQl/hLoJwq+J4avk/9wxxgZyHKtbyIPJmbD4A66DWGYfyykWNpcYutQ==
  dependencies:
    tslib "^1.9.0"

hoist-non-react-statics@^1.0.5:
  version "1.2.0"
  resolved "https://registry.yarnpkg.com/hoist-non-react-statics/-/hoist-non-react-statics-1.2.0.tgz#aa448cf0986d55cc40773b17174b7dd066cb7cfb"
  integrity sha1-qkSM8JhtVcxAdzsXF0t90GbLfPs=

"js-tokens@^3.0.0 || ^4.0.0":
  version "4.0.0"
  resolved "https://registry.yarnpkg.com/js-tokens/-/js-tokens-4.0.0.tgz#19203fb59991df98e3a287050d4647cdeaf32499"
  integrity sha512-RdJUflcE3cUzKiMqQgsCu06FPu9UdIJO0beYbPhHN4k6apgJtifcoCtT9bcxOpYBtpD2kCM6Sbzg4CausW/PKQ==

lodash.flatten@^4.2.0:
  version "4.4.0"
  resolved "https://registry.yarnpkg.com/lodash.flatten/-/lodash.flatten-4.4.0.tgz#f31c22225a9632d2bbf8e4addbef240aa765a61f"
  integrity sha1-8xwiIlqWMtK7+OSt2+8kCqdlph8=

lodash.identity@^3.0.0:
  version "3.0.0"
  resolved "https://registry.yarnpkg.com/lodash.identity/-/lodash.identity-3.0.0.tgz#ad7bc6a4e647d79c972e1b80feef7af156267876"
  integrity sha1-rXvGpOZH15yXLhuA/u968VYmeHY=

lodash.isfunction@^3.0.8:
  version "3.0.9"
  resolved "https://registry.yarnpkg.com/lodash.isfunction/-/lodash.isfunction-3.0.9.tgz#06de25df4db327ac931981d1bdb067e5af68d051"
  integrity sha512-AirXNj15uRIMMPihnkInB4i3NHeb4iBtNg9WRWuK2o31S+ePwwNmDPaTL3o7dTJ+VXNZim7rFs4rxN4YU1oUJw==

lodash@^4.6.1:
  version "4.17.21"
  resolved "https://registry.yarnpkg.com/lodash/-/lodash-4.17.21.tgz#679591c564c3bffaae8454cf0b3df370c3d6911c"
  integrity sha512-v2kDEe57lecTulaDIuNTPy3Ry4gLGJ6Z1O3vE1krgXZNrsQ+LFTGHVxVjcXPs17LhbZVGedAJv8XZ1tvj5FvSg==

loose-envify@^1.0.0, loose-envify@^1.4.0:
  version "1.4.0"
  resolved "https://registry.yarnpkg.com/loose-envify/-/loose-envify-1.4.0.tgz#71ee51fa7be4caec1a63839f7e682d8132d30caf"
  integrity sha512-lyuxPGr/Wfhrlem2CL/UcnUc1zcqKAImBDzukY7Y5F/yQiNdko6+fRLevlw1HgMySw7f611UIY408EtxRSoK3Q==
  dependencies:
    js-tokens "^3.0.0 || ^4.0.0"

material-ui-dropzone@^3.3.0:
  version "3.3.0"
  resolved "https://registry.yarnpkg.com/material-ui-dropzone/-/material-ui-dropzone-3.3.0.tgz#5adb64e7ad71953eb29c7d0616b0b693904eb412"
  integrity sha512-PBOj5IiGbLxEgNybO28xo381/qe0tMF55U715xGs8XLoyfjOFIoC29u4UL3+SWPYsaP/JIFwR4JW+h32xHugIg==
  dependencies:
    "@babel/runtime" "^7.4.4"
    clsx "^1.0.2"
    react-dropzone "^10.2.1"

object-assign@^4.1.1:
  version "4.1.1"
  resolved "https://registry.yarnpkg.com/object-assign/-/object-assign-4.1.1.tgz#2109adc7965887cfc05cbbd442cac8bfbb360863"
  integrity sha1-IQmtx5ZYh8/AXLvUQsrIv7s2CGM=

object-unfreeze@^1.0.2:
  version "1.1.0"
  resolved "https://registry.yarnpkg.com/object-unfreeze/-/object-unfreeze-1.1.0.tgz#69628bea1f3c9d29f4eb0ba63b38002d70ea3ce9"
  integrity sha1-aWKL6h88nSn06wumOzgALXDqPOk=

prop-types@^15.7.2:
  version "15.7.2"
  resolved "https://registry.yarnpkg.com/prop-types/-/prop-types-15.7.2.tgz#52c41e75b8c87e72b9d9360e0206b99dcbffa6c5"
  integrity sha512-8QQikdH7//R2vurIJSutZ1smHYTcLpRWEOlHnzcWHmBYrOGUysKwSsrC89BCiFj3CbrfJ/nXFdJepOVrY1GCHQ==
  dependencies:
    loose-envify "^1.4.0"
    object-assign "^4.1.1"
    react-is "^16.8.1"

react-css-modules@^3.7.8:
  version "3.7.10"
  resolved "https://registry.yarnpkg.com/react-css-modules/-/react-css-modules-3.7.10.tgz#300da561e550eeec5ebc0bc8c7d51d77d88ae2d7"
  integrity sha1-MA2lYeVQ7uxevAvIx9Udd9iK4tc=
  dependencies:
    hoist-non-react-statics "^1.0.5"
    lodash "^4.6.1"
    object-unfreeze "^1.0.2"

react-dropzone@^10.2.1:
  version "10.2.2"
  resolved "https://registry.yarnpkg.com/react-dropzone/-/react-dropzone-10.2.2.tgz#67b4db7459589a42c3b891a82eaf9ade7650b815"
  integrity sha512-U5EKckXVt6IrEyhMMsgmHQiWTGLudhajPPG77KFSvgsMqNEHSyGpqWvOMc5+DhEah/vH4E1n+J5weBNLd5VtyA==
  dependencies:
    attr-accept "^2.0.0"
    file-selector "^0.1.12"
    prop-types "^15.7.2"

react-fabric@^0.4.1:
  version "0.4.1"
  resolved "https://registry.yarnpkg.com/react-fabric/-/react-fabric-0.4.1.tgz#992b2f74e33b58380c7dddfa0633f11b504e1030"
  integrity sha1-mSsvdOM7WDgMfd36BjPxG1BOEDA=
  dependencies:
    babel-runtime "^6.9.2"
    classnames "^2.2.4"
    hoist-non-react-statics "^1.0.5"
    lodash.flatten "^4.2.0"
    lodash.identity "^3.0.0"
    lodash.isfunction "^3.0.8"
    react-css-modules "^3.7.8"
    react-prop-types "^0.3.1"

react-is@^16.8.1:
  version "16.13.1"
  resolved "https://registry.yarnpkg.com/react-is/-/react-is-16.13.1.tgz#789729a4dc36de2999dc156dd6c1d9c18cea56a4"
  integrity sha512-24e6ynE2H+OKt4kqsOvNd8kBpV65zoxbA4BVsEOB3ARVWQki/DHzaUoC5KuON/BiccDaCCTZBuOcfZs70kR8bQ==

react-prop-types@^0.3.1:
  version "0.3.2"
  resolved "https://registry.yarnpkg.com/react-prop-types/-/react-prop-types-0.3.2.tgz#e2763ac6f3a80199d8981c3647c44b0554c97b7f"
  integrity sha1-4nY6xvOoAZnYmBw2R8RLBVTJe38=
  dependencies:
    warning "^2.0.0"

regenerator-runtime@^0.11.0:
  version "0.11.1"
  resolved "https://registry.yarnpkg.com/regenerator-runtime/-/regenerator-runtime-0.11.1.tgz#be05ad7f9bf7d22e056f9726cee5017fbf19e2e9"
  integrity sha512-MguG95oij0fC3QV3URf4V2SDYGJhJnJGqvIIgdECeODCT98wSWDAJ94SSuVpYQUoTcGUIL6L4yNB7j1DFFHSBg==

regenerator-runtime@^0.13.4:
  version "0.13.5"
  resolved "https://registry.yarnpkg.com/regenerator-runtime/-/regenerator-runtime-0.13.5.tgz#d878a1d094b4306d10b9096484b33ebd55e26697"
  integrity sha512-ZS5w8CpKFinUzOwW3c83oPeVXoNsrLsaCoLtJvAClH135j/R77RuymhiSErhm2lKcwSCIpmvIWSbDkIfAqKQlA==

tslib@^1.9.0:
  version "1.13.0"
  resolved "https://registry.yarnpkg.com/tslib/-/tslib-1.13.0.tgz#c881e13cc7015894ed914862d276436fa9a47043"
  integrity sha512-i/6DQjL8Xf3be4K/E6Wgpekn5Qasl1usyw++dAA35Ue5orEn65VIxOA+YvNNl9HV3qv70T7CNwjODHZrLwvd1Q==

warning@^2.0.0:
  version "2.1.0"
  resolved "https://registry.yarnpkg.com/warning/-/warning-2.1.0.tgz#21220d9c63afc77a8c92111e011af705ce0c6901"
  integrity sha1-ISINnGOvx3qMkhEeARr3Bc4MaQE=
  dependencies:
    loose-envify "^1.0.0"
